
Microsoft Visual Studio Solution File, Format Version 12.00
# Visual Studio Version 17
VisualStudioVersion = 17.6.33513.286
MinimumVisualStudioVersion = 10.0.40219.1
Project("{2150E333-8FDC-42A3-9474-1A3956D46DE8}") = "src", "src", "{A506A935-71CF-4D25-A7C4-FBE112BCFFDD}"
EndProject
Project("{9A19103F-16F7-4668-BE54-9A1E7A4F7556}") = "myNOC.EntityFramework.Query", "src\myNOC.EntityFramework.Query\myNOC.EntityFramework.Query.csproj", "{BD5A2D1A-6761-4F89-9573-406079505724}"
EndProject
Project("{2150E333-8FDC-42A3-9474-1A3956D46DE8}") = "tests", "tests", "{CFA418EB-F1B2-4BAF-A725-31EBAD0DC1D7}"
EndProject
Project("{2150E333-8FDC-42A3-9474-1A3956D46DE8}") = "sample", "sample", "{2F1180C1-B4C8-4A4F-A348-68D90ABD7787}"
EndProject
Project("{9A19103F-16F7-4668-BE54-9A1E7A4F7556}") = "QuerySample", "sample\QuerySample\QuerySample.csproj", "{06AA0485-2E8B-4592-970A-7EF12C6149C2}"
EndProject
Global
	GlobalSection(SolutionConfigurationPlatforms) = preSolution
		Debug|Any CPU = Debug|Any CPU
		Release|Any CPU = Release|Any CPU
	EndGlobalSection
	GlobalSection(ProjectConfigurationPlatforms) = postSolution
		{BD5A2D1A-6761-4F89-9573-406079505724}.Debug|Any CPU.ActiveCfg = Debug|Any CPU
		{BD5A2D1A-6761-4F89-9573-406079505724}.Debug|Any CPU.Build.0 = Debug|Any CPU
		{BD5A2D1A-6761-4F89-9573-406079505724}.Release|Any CPU.ActiveCfg = Release|Any CPU
		{BD5A2D1A-6761-4F89-9573-406079505724}.Release|Any CPU.Build.0 = Release|Any CPU
		{06AA0485-2E8B-4592-970A-7EF12C6149C2}.Debug|Any CPU.ActiveCfg = Debug|Any CPU
		{06AA0485-2E8B-4592-970A-7EF12C6149C2}.Debug|Any CPU.Build.0 = Debug|Any CPU
		{06AA0485-2E8B-4592-970A-7EF12C6149C2}.Release|Any CPU.ActiveCfg = Release|Any CPU
		{06AA0485-2E8B-4592-970A-7EF12C6149C2}.Release|Any CPU.Build.0 = Release|Any CPU
	EndGlobalSection
	GlobalSection(SolutionProperties) = preSolution
		HideSolutionNode = FALSE
	EndGlobalSection
	GlobalSection(NestedProjects) = preSolution
		{BD5A2D1A-6761-4F89-9573-406079505724} = {A506A935-71CF-4D25-A7C4-FBE112BCFFDD}
		{06AA0485-2E8B-4592-970A-7EF12C6149C2} = {2F1180C1-B4C8-4A4F-A348-68D90ABD7787}
	EndGlobalSection
	GlobalSection(ExtensibilityGlobals) = postSolution
		SolutionGuid = {43AABAA3-16E5-4467-9DAE-6388878E4C1C}
	EndGlobalSection
EndGlobal
